
Microsoft Visual Studio Solution File, Format Version 12.00
# Visual Studio Version 17
VisualStudioVersion = 17.5.33530.505
MinimumVisualStudioVersion = 10.0.40219.1
Project("{FAE04EC0-301F-11D3-BF4B-00C04F79EFBC}") = "JAMBAPI", "JAMBAPI.csproj", "{C5E52786-32A7-492B-84F4-E9E854D46981}"
EndProject
Global
	GlobalSection(SolutionConfigurationPlatforms) = preSolution
		Debug|Any CPU = Debug|Any CPU
		Release|Any CPU = Release|Any CPU
	EndGlobalSection
	GlobalSection(ProjectConfigurationPlatforms) = postSolution
		{C5E52786-32A7-492B-84F4-E9E854D46981}.Debug|Any CPU.ActiveCfg = Debug|Any CPU
		{C5E52786-32A7-492B-84F4-E9E854D46981}.Debug|Any CPU.Build.0 = Debug|Any CPU
		{C5E52786-32A7-492B-84F4-E9E854D46981}.Release|Any CPU.ActiveCfg = Release|Any CPU
		{C5E52786-32A7-492B-84F4-E9E854D46981}.Release|Any CPU.Build.0 = Release|Any CPU
	EndGlobalSection
	GlobalSection(SolutionProperties) = preSolution
		HideSolutionNode = FALSE
	EndGlobalSection
	GlobalSection(ExtensibilityGlobals) = postSolution
		SolutionGuid = {F92E5294-6D8B-4901-B58A-A0F4E82D5709}
	EndGlobalSection
EndGlobal
